
Microsoft Visual Studio Solution File, Format Version 12.00
# Visual Studio Version 16
VisualStudioVersion = 16.0.29519.181
MinimumVisualStudioVersion = 10.0.40219.1
Project("{2150E333-8FDC-42A3-9474-1A3956D46DE8}") = "1 Source", "1 Source", "{615FED22-923D-4D4F-80C7-D9EB01C87D94}"
EndProject
Project("{2150E333-8FDC-42A3-9474-1A3956D46DE8}") = "3 Runner", "3 Runner", "{6B7E2BFE-3905-4456-ACC2-DFFD05BF7D66}"
EndProject
Project("{2150E333-8FDC-42A3-9474-1A3956D46DE8}") = "4 Scripts", "4 Scripts", "{715E582A-B713-48E9-8CD9-29CA3C9512B6}"
	ProjectSection(SolutionItems) = preProject
		Scripts\Prerelease.DickinsonBros.Encryption.Certificate.ps1 = Scripts\Prerelease.DickinsonBros.Encryption.Certificate.ps1
		Scripts\Publish.yml = Scripts\Publish.yml
		Scripts\Test.yml = Scripts\Test.yml
	EndProjectSection
EndProject
Project("{2150E333-8FDC-42A3-9474-1A3956D46DE8}") = "2 Tests", "2 Tests", "{603A6924-5226-4946-BF55-CA9CDFD0994D}"
	ProjectSection(SolutionItems) = preProject
		Tests\DickinsonBros.Encryption.Certificate.runsettings = Tests\DickinsonBros.Encryption.Certificate.runsettings
	EndProjectSection
EndProject
Project("{9A19103F-16F7-4668-BE54-9A1E7A4F7556}") = "DickinsonBros.Encryption.Certificate", "Source\DickinsonBros.Encryption.Certificate\DickinsonBros.Encryption.Certificate.csproj", "{50992A04-8F69-4BF5-B21E-B4973D0C8499}"
EndProject
Project("{9A19103F-16F7-4668-BE54-9A1E7A4F7556}") = "DickinsonBros.Encryption.Certificate.Tests", "Tests\DickinsonBros.Encryption.Certificate.Tests\DickinsonBros.Encryption.Certificate.Tests.csproj", "{5CEAD184-F43B-473A-B9AC-361620128052}"
EndProject
Project("{9A19103F-16F7-4668-BE54-9A1E7A4F7556}") = "DickinsonBros.Encryption.Certificate.Runner", "Runner\DickinsonBros.Encryption.Certificate.Runner\DickinsonBros.Encryption.Certificate.Runner.csproj", "{02C91BB2-03CA-4354-9FC3-74E4D1335FC0}"
EndProject
Global
	GlobalSection(SolutionConfigurationPlatforms) = preSolution
		Debug|Any CPU = Debug|Any CPU
		Release|Any CPU = Release|Any CPU
	EndGlobalSection
	GlobalSection(ProjectConfigurationPlatforms) = postSolution
		{50992A04-8F69-4BF5-B21E-B4973D0C8499}.Debug|Any CPU.ActiveCfg = Debug|Any CPU
		{50992A04-8F69-4BF5-B21E-B4973D0C8499}.Debug|Any CPU.Build.0 = Debug|Any CPU
		{50992A04-8F69-4BF5-B21E-B4973D0C8499}.Release|Any CPU.ActiveCfg = Release|Any CPU
		{50992A04-8F69-4BF5-B21E-B4973D0C8499}.Release|Any CPU.Build.0 = Release|Any CPU
		{5CEAD184-F43B-473A-B9AC-361620128052}.Debug|Any CPU.ActiveCfg = Debug|Any CPU
		{5CEAD184-F43B-473A-B9AC-361620128052}.Debug|Any CPU.Build.0 = Debug|Any CPU
		{5CEAD184-F43B-473A-B9AC-361620128052}.Release|Any CPU.ActiveCfg = Release|Any CPU
		{5CEAD184-F43B-473A-B9AC-361620128052}.Release|Any CPU.Build.0 = Release|Any CPU
		{02C91BB2-03CA-4354-9FC3-74E4D1335FC0}.Debug|Any CPU.ActiveCfg = Debug|Any CPU
		{02C91BB2-03CA-4354-9FC3-74E4D1335FC0}.Debug|Any CPU.Build.0 = Debug|Any CPU
		{02C91BB2-03CA-4354-9FC3-74E4D1335FC0}.Release|Any CPU.ActiveCfg = Release|Any CPU
		{02C91BB2-03CA-4354-9FC3-74E4D1335FC0}.Release|Any CPU.Build.0 = Release|Any CPU
	EndGlobalSection
	GlobalSection(SolutionProperties) = preSolution
		HideSolutionNode = FALSE
	EndGlobalSection
	GlobalSection(NestedProjects) = preSolution
		{50992A04-8F69-4BF5-B21E-B4973D0C8499} = {615FED22-923D-4D4F-80C7-D9EB01C87D94}
		{5CEAD184-F43B-473A-B9AC-361620128052} = {603A6924-5226-4946-BF55-CA9CDFD0994D}
		{02C91BB2-03CA-4354-9FC3-74E4D1335FC0} = {6B7E2BFE-3905-4456-ACC2-DFFD05BF7D66}
	EndGlobalSection
	GlobalSection(ExtensibilityGlobals) = postSolution
		SolutionGuid = {EA3B5239-D329-4D10-BA73-E896B4465A71}
	EndGlobalSection
EndGlobal
